// !$*UTF8*$!
{
	archiveVersion = 1;
	classes = {
	};
	objectVersion = 50;
	objects = {

/* Begin PBXBuildFile section */
		1D16BF30237E9365000DD80E /* AppDelegate.swift in Sources */ = {isa = PBXBuildFile; fileRef = 1D16BF2F237E9365000DD80E /* AppDelegate.swift */; };
		1D16BF32237E9365000DD80E /* ViewController.swift in Sources */ = {isa = PBXBuildFile; fileRef = 1D16BF31237E9365000DD80E /* ViewController.swift */; };
		1D16BF35237E9365000DD80E /* Main.storyboard in Resources */ = {isa = PBXBuildFile; fileRef = 1D16BF33237E9365000DD80E /* Main.storyboard */; };
		1D16BF37237E9366000DD80E /* Assets.xcassets in Resources */ = {isa = PBXBuildFile; fileRef = 1D16BF36237E9366000DD80E /* Assets.xcassets */; };
		1D16BF3A237E9366000DD80E /* LaunchScreen.storyboard in Resources */ = {isa = PBXBuildFile; fileRef = 1D16BF38237E9366000DD80E /* LaunchScreen.storyboard */; };
		1DBC3DB0237E9589006F8AB7 /* OneLineAlert+Extension.swift in Sources */ = {isa = PBXBuildFile; fileRef = 1DBC3DAB237E9589006F8AB7 /* OneLineAlert+Extension.swift */; };
		1DBC3DB1237E9589006F8AB7 /* OneLineAlert+Animate.swift in Sources */ = {isa = PBXBuildFile; fileRef = 1DBC3DAC237E9589006F8AB7 /* OneLineAlert+Animate.swift */; };
		1DBC3DB2237E9589006F8AB7 /* OneLineAlert+Utility.swift in Sources */ = {isa = PBXBuildFile; fileRef = 1DBC3DAD237E9589006F8AB7 /* OneLineAlert+Utility.swift */; };
		1DBC3DB3237E9589006F8AB7 /* OneLineAlert+Action.swift in Sources */ = {isa = PBXBuildFile; fileRef = 1DBC3DAE237E9589006F8AB7 /* OneLineAlert+Action.swift */; };
		1DBC3DB4237E9589006F8AB7 /* OneLineAlert+View.swift in Sources */ = {isa = PBXBuildFile; fileRef = 1DBC3DAF237E9589006F8AB7 /* OneLineAlert+View.swift */; };
		1DE8BC7F2382957200154BF9 /* OneLineAlert+Configure.swift in Sources */ = {isa = PBXBuildFile; fileRef = 1DE8BC7E2382957200154BF9 /* OneLineAlert+Configure.swift */; };
/* End PBXBuildFile section */

/* Begin PBXFileReference section */
		1D16BF2C237E9365000DD80E /* OneLineAlert.app */ = {isa = PBXFileReference; explicitFileType = wrapper.application; includeInIndex = 0; path = OneLineAlert.app; sourceTree = BUILT_PRODUCTS_DIR; };
		1D16BF2F237E9365000DD80E /* AppDelegate.swift */ = {isa = PBXFileReference; lastKnownFileType = sourcecode.swift; path = AppDelegate.swift; sourceTree = "<group>"; };
		1D16BF31237E9365000DD80E /* ViewController.swift */ = {isa = PBXFileReference; lastKnownFileType = sourcecode.swift; path = ViewController.swift; sourceTree = "<group>"; };
		1D16BF34237E9365000DD80E /* Base */ = {isa = PBXFileReference; lastKnownFileType = file.storyboard; name = Base; path = Base.lproj/Main.storyboard; sourceTree = "<group>"; };
		1D16BF36237E9366000DD80E /* Assets.xcassets */ = {isa = PBXFileReference; lastKnownFileType = folder.assetcatalog; path = Assets.xcassets; sourceTree = "<group>"; };
		1D16BF39237E9366000DD80E /* Base */ = {isa = PBXFileReference; lastKnownFileType = file.storyboard; name = Base; path = Base.lproj/LaunchScreen.storyboard; sourceTree = "<group>"; };
		1D16BF3B237E9366000DD80E /* Info.plist */ = {isa = PBXFileReference; lastKnownFileType = text.plist.xml; path = Info.plist; sourceTree = "<group>"; };
		1DBC3DAB237E9589006F8AB7 /* OneLineAlert+Extension.swift */ = {isa = PBXFileReference; fileEncoding = 4; lastKnownFileType = sourcecode.swift; path = "OneLineAlert+Extension.swift"; sourceTree = "<group>"; };
		1DBC3DAC237E9589006F8AB7 /* OneLineAlert+Animate.swift */ = {isa = PBXFileReference; fileEncoding = 4; lastKnownFileType = sourcecode.swift; path = "OneLineAlert+Animate.swift"; sourceTree = "<group>"; };
		1DBC3DAD237E9589006F8AB7 /* OneLineAlert+Utility.swift */ = {isa = PBXFileReference; fileEncoding = 4; lastKnownFileType = sourcecode.swift; path = "OneLineAlert+Utility.swift"; sourceTree = "<group>"; };
		1DBC3DAE237E9589006F8AB7 /* OneLineAlert+Action.swift */ = {isa = PBXFileReference; fileEncoding = 4; lastKnownFileType = sourcecode.swift; path = "OneLineAlert+Action.swift"; sourceTree = "<group>"; };
		1DBC3DAF237E9589006F8AB7 /* OneLineAlert+View.swift */ = {isa = PBXFileReference; fileEncoding = 4; lastKnownFileType = sourcecode.swift; path = "OneLineAlert+View.swift"; sourceTree = "<group>"; };
		1DE8BC7E2382957200154BF9 /* OneLineAlert+Configure.swift */ = {isa = PBXFileReference; lastKnownFileType = sourcecode.swift; path = "OneLineAlert+Configure.swift"; sourceTree = "<group>"; };
/* End PBXFileReference section */

/* Begin PBXFrameworksBuildPhase section */
		1D16BF29237E9365000DD80E /* Frameworks */ = {
			isa = PBXFrameworksBuildPhase;
			buildActionMask = 2147483647;
			files = (
			);
			runOnlyForDeploymentPostprocessing = 0;
		};
/* End PBXFrameworksBuildPhase section */

/* Begin PBXGroup section */
		1D16BF23237E9365000DD80E = {
			isa = PBXGroup;
			children = (
				1D16BF2E237E9365000DD80E /* OneLineAlert */,
				1D16BF2D237E9365000DD80E /* Products */,
			);
			sourceTree = "<group>";
		};
		1D16BF2D237E9365000DD80E /* Products */ = {
			isa = PBXGroup;
			children = (
				1D16BF2C237E9365000DD80E /* OneLineAlert.app */,
			);
			name = Products;
			sourceTree = "<group>";
		};
		1D16BF2E237E9365000DD80E /* OneLineAlert */ = {
			isa = PBXGroup;
			children = (
				1DBC3DAA237E9559006F8AB7 /* Core */,
				1D16BF2F237E9365000DD80E /* AppDelegate.swift */,
				1D16BF31237E9365000DD80E /* ViewController.swift */,
				1D16BF33237E9365000DD80E /* Main.storyboard */,
				1D16BF36237E9366000DD80E /* Assets.xcassets */,
				1D16BF38237E9366000DD80E /* LaunchScreen.storyboard */,
				1D16BF3B237E9366000DD80E /* Info.plist */,
			);
			path = OneLineAlert;
			sourceTree = "<group>";
		};
		1DBC3DAA237E9559006F8AB7 /* Core */ = {
			isa = PBXGroup;
			children = (
				1DBC3DAE237E9589006F8AB7 /* OneLineAlert+Action.swift */,
				1DBC3DAC237E9589006F8AB7 /* OneLineAlert+Animate.swift */,
				1DBC3DAB237E9589006F8AB7 /* OneLineAlert+Extension.swift */,
				1DBC3DAD237E9589006F8AB7 /* OneLineAlert+Utility.swift */,
				1DBC3DAF237E9589006F8AB7 /* OneLineAlert+View.swift */,
				1DE8BC7E2382957200154BF9 /* OneLineAlert+Configure.swift */,
			);
			path = Core;
			sourceTree = "<group>";
		};
/* End PBXGroup section */

/* Begin PBXNativeTarget section */
		1D16BF2B237E9365000DD80E /* OneLineAlert */ = {
			isa = PBXNativeTarget;
			buildConfigurationList = 1D16BF3E237E9366000DD80E /* Build configuration list for PBXNativeTarget "OneLineAlert" */;
			buildPhases = (
				1D16BF28237E9365000DD80E /* Sources */,
				1D16BF29237E9365000DD80E /* Frameworks */,
				1D16BF2A237E9365000DD80E /* Resources */,
			);
			buildRules = (
			);
			dependencies = (
			);
			name = OneLineAlert;
			productName = OneLineAlert;
			productReference = 1D16BF2C237E9365000DD80E /* OneLineAlert.app */;
			productType = "com.apple.product-type.application";
		};
/* End PBXNativeTarget section */

/* Begin PBXProject section */
		1D16BF24237E9365000DD80E /* Project object */ = {
			isa = PBXProject;
			attributes = {
				LastSwiftUpdateCheck = 1030;
				LastUpgradeCheck = 1030;
				ORGANIZATIONNAME = AmebaHead;
				TargetAttributes = {
					1D16BF2B237E9365000DD80E = {
						CreatedOnToolsVersion = 10.3;
					};
				};
			};
			buildConfigurationList = 1D16BF27237E9365000DD80E /* Build configuration list for PBXProject "OneLineAlert" */;
			compatibilityVersion = "Xcode 9.3";
			developmentRegion = en;
			hasScannedForEncodings = 0;
			knownRegions = (
				en,
				Base,
			);
			mainGroup = 1D16BF23237E9365000DD80E;
			productRefGroup = 1D16BF2D237E9365000DD80E /* Products */;
			projectDirPath = "";
			projectRoot = "";
			targets = (
				1D16BF2B237E9365000DD80E /* OneLineAlert */,
			);
		};
/* End PBXProject section */

/* Begin PBXResourcesBuildPhase section */
		1D16BF2A237E9365000DD80E /* Resources */ = {
			isa = PBXResourcesBuildPhase;
			buildActionMask = 2147483647;
			files = (
				1D16BF3A237E9366000DD80E /* LaunchScreen.storyboard in Resources */,
				1D16BF37237E9366000DD80E /* Assets.xcassets in Resources */,
				1D16BF35237E9365000DD80E /* Main.storyboard in Resources */,
			);
			runOnlyForDeploymentPostprocessing = 0;
		};
/* End PBXResourcesBuildPhase section */

/* Begin PBXSourcesBuildPhase section */
		1D16BF28237E9365000DD80E /* Sources */ = {
			isa = PBXSourcesBuildPhase;
			buildActionMask = 2147483647;
			files = (
				1D16BF32237E9365000DD80E /* ViewController.swift in Sources */,
				1DBC3DB2237E9589006F8AB7 /* OneLineAlert+Utility.swift in Sources */,
				1DBC3DB4237E9589006F8AB7 /* OneLineAlert+View.swift in Sources */,
				1DBC3DB1237E9589006F8AB7 /* OneLineAlert+Animate.swift in Sources */,
				1DBC3DB0237E9589006F8AB7 /* OneLineAlert+Extension.swift in Sources */,
				1D16BF30237E9365000DD80E /* AppDelegate.swift in Sources */,
				1DE8BC7F2382957200154BF9 /* OneLineAlert+Configure.swift in Sources */,
				1DBC3DB3237E9589006F8AB7 /* OneLineAlert+Action.swift in Sources */,
			);
			runOnlyForDeploymentPostprocessing = 0;
		};
/* End PBXSourcesBuildPhase section */

/* Begin PBXVariantGroup section */
		1D16BF33237E9365000DD80E /* Main.storyboard */ = {
			isa = PBXVariantGroup;
			children = (
				1D16BF34237E9365000DD80E /* Base */,
			);
			name = Main.storyboard;
			sourceTree = "<group>";
		};
		1D16BF38237E9366000DD80E /* LaunchScreen.storyboard */ = {
			isa = PBXVariantGroup;
			children = (
				1D16BF39237E9366000DD80E /* Base */,
			);
			name = LaunchScreen.storyboard;
			sourceTree = "<group>";
		};
/* End PBXVariantGroup section */

/* Begin XCBuildConfiguration section */
		1D16BF3C237E9366000DD80E /* Debug */ = {
			isa = XCBuildConfiguration;
			buildSettings = {
				ALWAYS_SEARCH_USER_PATHS = NO;
				CLANG_ANALYZER_NONNULL = YES;
				CLANG_ANALYZER_NUMBER_OBJECT_CONVERSION = YES_AGGRESSIVE;
				CLANG_CXX_LANGUAGE_STANDARD = "gnu++14";
				CLANG_CXX_LIBRARY = "libc++";
				CLANG_ENABLE_MODULES = YES;
				CLANG_ENABLE_OBJC_ARC = YES;
				CLANG_ENABLE_OBJC_WEAK = YES;
				CLANG_WARN_BLOCK_CAPTURE_AUTORELEASING = YES;
				CLANG_WARN_BOOL_CONVERSION = YES;
				CLANG_WARN_COMMA = YES;
				CLANG_WARN_CONSTANT_CONVERSION = YES;
				CLANG_WARN_DEPRECATED_OBJC_IMPLEMENTATIONS = YES;
				CLANG_WARN_DIRECT_OBJC_ISA_USAGE = YES_ERROR;
				CLANG_WARN_DOCUMENTATION_COMMENTS = YES;
				CLANG_WARN_EMPTY_BODY = YES;
				CLANG_WARN_ENUM_CONVERSION = YES;
				CLANG_WARN_INFINITE_RECURSION = YES;
				CLANG_WARN_INT_CONVERSION = YES;
				CLANG_WARN_NON_LITERAL_NULL_CONVERSION = YES;
				CLANG_WARN_OBJC_IMPLICIT_RETAIN_SELF = YES;
				CLANG_WARN_OBJC_LITERAL_CONVERSION = YES;
				CLANG_WARN_OBJC_ROOT_CLASS = YES_ERROR;
				CLANG_WARN_RANGE_LOOP_ANALYSIS = YES;
				CLANG_WARN_STRICT_PROTOTYPES = YES;
				CLANG_WARN_SUSPICIOUS_MOVE = YES;
				CLANG_WARN_UNGUARDED_AVAILABILITY = YES_AGGRESSIVE;
				CLANG_WARN_UNREACHABLE_CODE = YES;
				CLANG_WARN__DUPLICATE_METHOD_MATCH = YES;
				CODE_SIGN_IDENTITY = "iPhone Developer";
				COPY_PHASE_STRIP = NO;
				DEBUG_INFORMATION_FORMAT = dwarf;
				ENABLE_STRICT_OBJC_MSGSEND = YES;
				ENABLE_TESTABILITY = YES;
				GCC_C_LANGUAGE_STANDARD = gnu11;
				GCC_DYNAMIC_NO_PIC = NO;
				GCC_NO_COMMON_BLOCKS = YES;
				GCC_OPTIMIZATION_LEVEL = 0;
				GCC_PREPROCESSOR_DEFINITIONS = (
					"DEBUG=1",
					"$(inherited)",
				);
				GCC_WARN_64_TO_32_BIT_CONVERSION = YES;
				GCC_WARN_ABOUT_RETURN_TYPE = YES_ERROR;
				GCC_WARN_UNDECLARED_SELECTOR = YES;
				GCC_WARN_UNINITIALIZED_AUTOS = YES_AGGRESSIVE;
				GCC_WARN_UNUSED_FUNCTION = YES;
				GCC_WARN_UNUSED_VARIABLE = YES;
				IPHONEOS_DEPLOYMENT_TARGET = 10.0;
				MTL_ENABLE_DEBUG_INFO = INCLUDE_SOURCE;
				MTL_FAST_MATH = YES;
				ONLY_ACTIVE_ARCH = YES;
				SDKROOT = iphoneos;
				SWIFT_ACTIVE_COMPILATION_CONDITIONS = DEBUG;
				SWIFT_OPTIMIZATION_LEVEL = "-Onone";
			};
			name = Debug;
		};
		1D16BF3D237E9366000DD80E /* Release */ = {
			isa = XCBuildConfiguration;
			buildSettings = {
				ALWAYS_SEARCH_USER_PATHS = NO;
				CLANG_ANALYZER_NONNULL = YES;
				CLANG_ANALYZER_NUMBER_OBJECT_CONVERSION = YES_AGGRESSIVE;
				CLANG_CXX_LANGUAGE_STANDARD = "gnu++14";
				CLANG_CXX_LIBRARY = "libc++";
				CLANG_ENABLE_MODULES = YES;
				CLANG_ENABLE_OBJC_ARC = YES;
				CLANG_ENABLE_OBJC_WEAK = YES;
				CLANG_WARN_BLOCK_CAPTURE_AUTORELEASING = YES;
				CLANG_WARN_BOOL_CONVERSION = YES;
				CLANG_WARN_COMMA = YES;
				CLANG_WARN_CONSTANT_CONVERSION = YES;
				CLANG_WARN_DEPRECATED_OBJC_IMPLEMENTATIONS = YES;
				CLANG_WARN_DIRECT_OBJC_ISA_USAGE = YES_ERROR;
				CLANG_WARN_DOCUMENTATION_COMMENTS = YES;
				CLANG_WARN_EMPTY_BODY = YES;
				CLANG_WARN_ENUM_CONVERSION = YES;
				CLANG_WARN_INFINITE_RECURSION = YES;
				CLANG_WARN_INT_CONVERSION = YES;
				CLANG_WARN_NON_LITERAL_NULL_CONVERSION = YES;
				CLANG_WARN_OBJC_IMPLICIT_RETAIN_SELF = YES;
				CLANG_WARN_OBJC_LITERAL_CONVERSION = YES;
				CLANG_WARN_OBJC_ROOT_CLASS = YES_ERROR;
				CLANG_WARN_RANGE_LOOP_ANALYSIS = YES;
				CLANG_WARN_STRICT_PROTOTYPES = YES;
				CLANG_WARN_SUSPICIOUS_MOVE = YES;
				CLANG_WARN_UNGUARDED_AVAILABILITY = YES_AGGRESSIVE;
				CLANG_WARN_UNREACHABLE_CODE = YES;
				CLANG_WARN__DUPLICATE_METHOD_MATCH = YES;
				CODE_SIGN_IDENTITY = "iPhone Developer";
				COPY_PHASE_STRIP = NO;
				DEBUG_INFORMATION_FORMAT = "dwarf-with-dsym";
				ENABLE_NS_ASSERTIONS = NO;
				ENABLE_STRICT_OBJC_MSGSEND = YES;
				GCC_C_LANGUAGE_STANDARD = gnu11;
				GCC_NO_COMMON_BLOCKS = YES;
				GCC_WARN_64_TO_32_BIT_CONVERSION = YES;
				GCC_WARN_ABOUT_RETURN_TYPE = YES_ERROR;
				GCC_WARN_UNDECLARED_SELECTOR = YES;
				GCC_WARN_UNINITIALIZED_AUTOS = YES_AGGRESSIVE;
				GCC_WARN_UNUSED_FUNCTION = YES;
				GCC_WARN_UNUSED_VARIABLE = YES;
				IPHONEOS_DEPLOYMENT_TARGET = 10.0;
				MTL_ENABLE_DEBUG_INFO = NO;
				MTL_FAST_MATH = YES;
				SDKROOT = iphoneos;
				SWIFT_COMPILATION_MODE = wholemodule;
				SWIFT_OPTIMIZATION_LEVEL = "-O";
				VALIDATE_PRODUCT = YES;
			};
			name = Release;
		};
		1D16BF3F237E9366000DD80E /* Debug */ = {
			isa = XCBuildConfiguration;
			buildSettings = {
				ASSETCATALOG_COMPILER_APPICON_NAME = AppIcon;
				CODE_SIGN_STYLE = Automatic;
				DEVELOPMENT_TEAM = GQJU4TVHRX;
				INFOPLIST_FILE = OneLineAlert/Info.plist;
				LD_RUNPATH_SEARCH_PATHS = (
					"$(inherited)",
					"@executable_path/Frameworks",
				);
				PRODUCT_BUNDLE_IDENTIFIER = AmebaHead.OneLineAlert;
				PRODUCT_NAME = "$(TARGET_NAME)";
				SWIFT_VERSION = 5.0;
				TARGETED_DEVICE_FAMILY = "1,2";
			};
			name = Debug;
		};
		1D16BF40237E9366000DD80E /* Release */ = {
			isa = XCBuildConfiguration;
			buildSettings = {
				ASSETCATALOG_COMPILER_APPICON_NAME = AppIcon;
				CODE_SIGN_STYLE = Automatic;
				DEVELOPMENT_TEAM = GQJU4TVHRX;
				INFOPLIST_FILE = OneLineAlert/Info.plist;
				LD_RUNPATH_SEARCH_PATHS = (
					"$(inherited)",
					"@executable_path/Frameworks",
				);
				PRODUCT_BUNDLE_IDENTIFIER = AmebaHead.OneLineAlert;
				PRODUCT_NAME = "$(TARGET_NAME)";
				SWIFT_VERSION = 5.0;
				TARGETED_DEVICE_FAMILY = "1,2";
			};
			name = Release;
		};
/* End XCBuildConfiguration section */

/* Begin XCConfigurationList section */
		1D16BF27237E9365000DD80E /* Build configuration list for PBXProject "OneLineAlert" */ = {
			isa = XCConfigurationList;
			buildConfigurations = (
				1D16BF3C237E9366000DD80E /* Debug */,
				1D16BF3D237E9366000DD80E /* Release */,
			);
			defaultConfigurationIsVisible = 0;
			defaultConfigurationName = Release;
		};
		1D16BF3E237E9366000DD80E /* Build configuration list for PBXNativeTarget "OneLineAlert" */ = {
			isa = XCConfigurationList;
			buildConfigurations = (
				1D16BF3F237E9366000DD80E /* Debug */,
				1D16BF40237E9366000DD80E /* Release */,
			);
			defaultConfigurationIsVisible = 0;
			defaultConfigurationName = Release;
		};
/* End XCConfigurationList section */
	};
	rootObject = 1D16BF24237E9365000DD80E /* Project object */;
}
